
Microsoft Visual Studio Solution File, Format Version 12.00
# Visual Studio Version 17
VisualStudioVersion = 17.0.31903.59
MinimumVisualStudioVersion = 10.0.40219.1
Project("{2150E333-8FDC-42A3-9474-1A3956D46DE8}") = "Services", "Services", "{1C5259B3-6912-48ED-9F98-1C1576500C0E}"
EndProject
Project("{2150E333-8FDC-42A3-9474-1A3956D46DE8}") = "Catalog", "Catalog", "{E5FCD87C-B1D0-4A2D-85EA-FCF841D7EF21}"
EndProject
Project("{FAE04EC0-301F-11D3-BF4B-00C04F79EFBC}") = "Catalog.API", "Services\Catalog\Catalog.API\Catalog.API.csproj", "{4C9C8F32-5996-4A77-B81C-83D2F68CBF24}"
EndProject
Global
	GlobalSection(SolutionConfigurationPlatforms) = preSolution
		Debug|Any CPU = Debug|Any CPU
		Release|Any CPU = Release|Any CPU
	EndGlobalSection
	GlobalSection(ProjectConfigurationPlatforms) = postSolution
		{4C9C8F32-5996-4A77-B81C-83D2F68CBF24}.Debug|Any CPU.ActiveCfg = Debug|Any CPU
		{4C9C8F32-5996-4A77-B81C-83D2F68CBF24}.Debug|Any CPU.Build.0 = Debug|Any CPU
		{4C9C8F32-5996-4A77-B81C-83D2F68CBF24}.Release|Any CPU.ActiveCfg = Release|Any CPU
		{4C9C8F32-5996-4A77-B81C-83D2F68CBF24}.Release|Any CPU.Build.0 = Release|Any CPU
	EndGlobalSection
	GlobalSection(SolutionProperties) = preSolution
		HideSolutionNode = FALSE
	EndGlobalSection
	GlobalSection(NestedProjects) = preSolution
		{E5FCD87C-B1D0-4A2D-85EA-FCF841D7EF21} = {1C5259B3-6912-48ED-9F98-1C1576500C0E}
		{4C9C8F32-5996-4A77-B81C-83D2F68CBF24} = {E5FCD87C-B1D0-4A2D-85EA-FCF841D7EF21}
	EndGlobalSection
EndGlobal
