
Microsoft Visual Studio Solution File, Format Version 12.00
# Visual Studio Version 17
VisualStudioVersion = 17.0.31903.59
MinimumVisualStudioVersion = 10.0.40219.1
Project("{2150E333-8FDC-42A3-9474-1A3956D46DE8}") = "Services", "Services", "{1C5259B3-6912-48ED-9F98-1C1576500C0E}"
EndProject
Project("{2150E333-8FDC-42A3-9474-1A3956D46DE8}") = "Catalog", "Catalog", "{E5FCD87C-B1D0-4A2D-85EA-FCF841D7EF21}"
EndProject
Project("{9A19103F-16F7-4668-BE54-9A1E7A4F7556}") = "Catalog.API", "Services\Catalog\Catalog.API\Catalog.API.csproj", "{4C9C8F32-5996-4A77-B81C-83D2F68CBF24}"
EndProject
Project("{E53339B2-1760-4266-BCC7-CA923CBCF16C}") = "docker-compose", "docker-compose.dcproj", "{16F9AC41-16BC-49FC-AE36-A3DAE4F39D3F}"
EndProject
Project("{2150E333-8FDC-42A3-9474-1A3956D46DE8}") = "Basket", "Basket", "{DDD2D1B4-54AF-4ACC-B91E-F5D3838DD15D}"
EndProject
Project("{9A19103F-16F7-4668-BE54-9A1E7A4F7556}") = "Basket.API", "Services\Basket\Basket.API\Basket.API.csproj", "{2714912B-1D16-4F6B-881D-BC99C1BAEAF3}"
EndProject
Project("{2150E333-8FDC-42A3-9474-1A3956D46DE8}") = "Discount", "Discount", "{E69A04DD-A4C7-43A7-A228-92682201611E}"
EndProject
Project("{9A19103F-16F7-4668-BE54-9A1E7A4F7556}") = "Discount.API", "Services\Discount\Discount.API\Discount.API.csproj", "{4DDB1D68-942F-4D19-917B-028493B3C8F8}"
EndProject
Project("{9A19103F-16F7-4668-BE54-9A1E7A4F7556}") = "Discount.Grpc", "Services\Discount\Discount.Grpc\Discount.Grpc.csproj", "{2E811D96-E6B4-418C-AAE1-01B091AC751B}"
EndProject
Project("{2150E333-8FDC-42A3-9474-1A3956D46DE8}") = "Ordering", "Ordering", "{E07335AB-06E4-4F37-AE32-1E6B2F9D6338}"
EndProject
Project("{FAE04EC0-301F-11D3-BF4B-00C04F79EFBC}") = "Ordering.API", "Services\Ordering\Ordering.API\Ordering.API.csproj", "{622D39B6-9ABD-49C2-981D-380DDD5230E6}"
EndProject
Global
	GlobalSection(SolutionConfigurationPlatforms) = preSolution
		Debug|Any CPU = Debug|Any CPU
		Release|Any CPU = Release|Any CPU
	EndGlobalSection
	GlobalSection(ProjectConfigurationPlatforms) = postSolution
		{4C9C8F32-5996-4A77-B81C-83D2F68CBF24}.Debug|Any CPU.ActiveCfg = Debug|Any CPU
		{4C9C8F32-5996-4A77-B81C-83D2F68CBF24}.Debug|Any CPU.Build.0 = Debug|Any CPU
		{4C9C8F32-5996-4A77-B81C-83D2F68CBF24}.Release|Any CPU.ActiveCfg = Release|Any CPU
		{4C9C8F32-5996-4A77-B81C-83D2F68CBF24}.Release|Any CPU.Build.0 = Release|Any CPU
		{16F9AC41-16BC-49FC-AE36-A3DAE4F39D3F}.Debug|Any CPU.ActiveCfg = Debug|Any CPU
		{16F9AC41-16BC-49FC-AE36-A3DAE4F39D3F}.Debug|Any CPU.Build.0 = Debug|Any CPU
		{16F9AC41-16BC-49FC-AE36-A3DAE4F39D3F}.Release|Any CPU.ActiveCfg = Release|Any CPU
		{16F9AC41-16BC-49FC-AE36-A3DAE4F39D3F}.Release|Any CPU.Build.0 = Release|Any CPU
		{2714912B-1D16-4F6B-881D-BC99C1BAEAF3}.Debug|Any CPU.ActiveCfg = Debug|Any CPU
		{2714912B-1D16-4F6B-881D-BC99C1BAEAF3}.Debug|Any CPU.Build.0 = Debug|Any CPU
		{2714912B-1D16-4F6B-881D-BC99C1BAEAF3}.Release|Any CPU.ActiveCfg = Release|Any CPU
		{2714912B-1D16-4F6B-881D-BC99C1BAEAF3}.Release|Any CPU.Build.0 = Release|Any CPU
		{4DDB1D68-942F-4D19-917B-028493B3C8F8}.Debug|Any CPU.ActiveCfg = Debug|Any CPU
		{4DDB1D68-942F-4D19-917B-028493B3C8F8}.Debug|Any CPU.Build.0 = Debug|Any CPU
		{4DDB1D68-942F-4D19-917B-028493B3C8F8}.Release|Any CPU.ActiveCfg = Release|Any CPU
		{4DDB1D68-942F-4D19-917B-028493B3C8F8}.Release|Any CPU.Build.0 = Release|Any CPU
		{2E811D96-E6B4-418C-AAE1-01B091AC751B}.Debug|Any CPU.ActiveCfg = Debug|Any CPU
		{2E811D96-E6B4-418C-AAE1-01B091AC751B}.Debug|Any CPU.Build.0 = Debug|Any CPU
		{2E811D96-E6B4-418C-AAE1-01B091AC751B}.Release|Any CPU.ActiveCfg = Release|Any CPU
		{2E811D96-E6B4-418C-AAE1-01B091AC751B}.Release|Any CPU.Build.0 = Release|Any CPU
		{622D39B6-9ABD-49C2-981D-380DDD5230E6}.Debug|Any CPU.ActiveCfg = Debug|Any CPU
		{622D39B6-9ABD-49C2-981D-380DDD5230E6}.Debug|Any CPU.Build.0 = Debug|Any CPU
		{622D39B6-9ABD-49C2-981D-380DDD5230E6}.Release|Any CPU.ActiveCfg = Release|Any CPU
		{622D39B6-9ABD-49C2-981D-380DDD5230E6}.Release|Any CPU.Build.0 = Release|Any CPU
	EndGlobalSection
	GlobalSection(SolutionProperties) = preSolution
		HideSolutionNode = FALSE
	EndGlobalSection
	GlobalSection(NestedProjects) = preSolution
		{E5FCD87C-B1D0-4A2D-85EA-FCF841D7EF21} = {1C5259B3-6912-48ED-9F98-1C1576500C0E}
		{4C9C8F32-5996-4A77-B81C-83D2F68CBF24} = {E5FCD87C-B1D0-4A2D-85EA-FCF841D7EF21}
		{DDD2D1B4-54AF-4ACC-B91E-F5D3838DD15D} = {1C5259B3-6912-48ED-9F98-1C1576500C0E}
		{2714912B-1D16-4F6B-881D-BC99C1BAEAF3} = {DDD2D1B4-54AF-4ACC-B91E-F5D3838DD15D}
		{E69A04DD-A4C7-43A7-A228-92682201611E} = {1C5259B3-6912-48ED-9F98-1C1576500C0E}
		{4DDB1D68-942F-4D19-917B-028493B3C8F8} = {E69A04DD-A4C7-43A7-A228-92682201611E}
		{2E811D96-E6B4-418C-AAE1-01B091AC751B} = {E69A04DD-A4C7-43A7-A228-92682201611E}
		{E07335AB-06E4-4F37-AE32-1E6B2F9D6338} = {1C5259B3-6912-48ED-9F98-1C1576500C0E}
		{622D39B6-9ABD-49C2-981D-380DDD5230E6} = {E07335AB-06E4-4F37-AE32-1E6B2F9D6338}
	EndGlobalSection
	GlobalSection(ExtensibilityGlobals) = postSolution
		SolutionGuid = {91D419A5-A9C5-4E83-AB18-3E4BC48B5A0C}
	EndGlobalSection
EndGlobal
